
Microsoft Visual Studio Solution File, Format Version 12.00
# Visual Studio Version 17
VisualStudioVersion = 17.5.002.0
MinimumVisualStudioVersion = 10.0.40219.1
Project("{9A19103F-16F7-4668-BE54-9A1E7A4F7556}") = "tallerbiblioteca", "tallerbiblioteca.csproj", "{C774888A-1F80-433F-A1E9-0943A795CF57}"
EndProject
Global
	GlobalSection(SolutionConfigurationPlatforms) = preSolution
		Debug|Any CPU = Debug|Any CPU
		Release|Any CPU = Release|Any CPU
	EndGlobalSection
	GlobalSection(ProjectConfigurationPlatforms) = postSolution
		{C774888A-1F80-433F-A1E9-0943A795CF57}.Debug|Any CPU.ActiveCfg = Debug|Any CPU
		{C774888A-1F80-433F-A1E9-0943A795CF57}.Debug|Any CPU.Build.0 = Debug|Any CPU
		{C774888A-1F80-433F-A1E9-0943A795CF57}.Release|Any CPU.ActiveCfg = Release|Any CPU
		{C774888A-1F80-433F-A1E9-0943A795CF57}.Release|Any CPU.Build.0 = Release|Any CPU
	EndGlobalSection
	GlobalSection(SolutionProperties) = preSolution
		HideSolutionNode = FALSE
	EndGlobalSection
	GlobalSection(ExtensibilityGlobals) = postSolution
		SolutionGuid = {C09EEEB6-929C-42D1-9449-062D83F9A138}
	EndGlobalSection
EndGlobal
